{
  "lockfile-version": 1,
  "manifest": {
    "version": 1,
    "install": {
      "go": {
        "pkg-path": "go"
      }
    },
    "options": {
      "systems": [
        "aarch64-darwin",
        "aarch64-linux",
        "x86_64-darwin",
        "x86_64-linux"
      ]
    },
    "build": {
      "noxdir": {
        "command": "mkdir -p $out/bin && go build -trimpath . ; mv noxdir $out/bin/noxdir",
        "version": "v0.1.3",
        "description": "noxdir is a storage visualization tool for the CLI on Mac or Linux"
      }
    }
  },
  "packages": [
    {
      "attr_path": "go",
      "broken": false,
      "derivation": "/nix/store/c6h9pn9a4mwgz63qdiw70ac6fv7341v9-go-1.24.3.drv",
      "description": "Go Programming language",
      "install_id": "go",
      "license": "BSD-3-Clause",
      "locked_url": "https://github.com/flox/nixpkgs?rev=9e83b64f727c88a7711a2c463a7b16eedb69a84c",
      "name": "go-1.24.3",
      "pname": "go",
      "rev": "9e83b64f727c88a7711a2c463a7b16eedb69a84c",
      "rev_count": 816272,
      "rev_date": "2025-06-17T04:31:58Z",
      "scrape_date": "2025-06-18T00:36:16.406321Z",
      "stabilities": [
        "unstable"
      ],
      "unfree": false,
      "version": "1.24.3",
      "outputs_to_install": [
        "out"
      ],
      "outputs": {
        "out": "/nix/store/ps3admpzmc1ryvn9q7sw5xfd94dkrb3f-go-1.24.3"
      },
      "system": "aarch64-darwin",
      "group": "toplevel",
      "priority": 5
    },
    {
      "attr_path": "go",
      "broken": false,
      "derivation": "/nix/store/isgn9dhrlr1mix3swwr5h3aws839bafc-go-1.24.3.drv",
      "description": "Go Programming language",
      "install_id": "go",
      "license": "BSD-3-Clause",
      "locked_url": "https://github.com/flox/nixpkgs?rev=9e83b64f727c88a7711a2c463a7b16eedb69a84c",
      "name": "go-1.24.3",
      "pname": "go",
      "rev": "9e83b64f727c88a7711a2c463a7b16eedb69a84c",
      "rev_count": 816272,
      "rev_date": "2025-06-17T04:31:58Z",
      "scrape_date": "2025-06-18T00:54:49.625895Z",
      "stabilities": [
        "unstable"
      ],
      "unfree": false,
      "version": "1.24.3",
      "outputs_to_install": [
        "out"
      ],
      "outputs": {
        "out": "/nix/store/45bnqhyyq40p91k3cjw0farx3hn1swx6-go-1.24.3"
      },
      "system": "aarch64-linux",
      "group": "toplevel",
      "priority": 5
    },
    {
      "attr_path": "go",
      "broken": false,
      "derivation": "/nix/store/jfgcva919a7bz5zr781cgar6jn6vag9s-go-1.24.3.drv",
      "description": "Go Programming language",
      "install_id": "go",
      "license": "BSD-3-Clause",
      "locked_url": "https://github.com/flox/nixpkgs?rev=9e83b64f727c88a7711a2c463a7b16eedb69a84c",
      "name": "go-1.24.3",
      "pname": "go",
      "rev": "9e83b64f727c88a7711a2c463a7b16eedb69a84c",
      "rev_count": 816272,
      "rev_date": "2025-06-17T04:31:58Z",
      "scrape_date": "2025-06-18T01:12:23.667232Z",
      "stabilities": [
        "unstable"
      ],
      "unfree": false,
      "version": "1.24.3",
      "outputs_to_install": [
        "out"
      ],
      "outputs": {
        "out": "/nix/store/9z2kb6hxij7pqi0fgcn9ijhpb7ajpazs-go-1.24.3"
      },
      "system": "x86_64-darwin",
      "group": "toplevel",
      "priority": 5
    },
    {
      "attr_path": "go",
      "broken": false,
      "derivation": "/nix/store/8bavsrkczap815c77n4xyvzz4y7rx0r0-go-1.24.3.drv",
      "description": "Go Programming language",
      "install_id": "go",
      "license": "BSD-3-Clause",
      "locked_url": "https://github.com/flox/nixpkgs?rev=9e83b64f727c88a7711a2c463a7b16eedb69a84c",
      "name": "go-1.24.3",
      "pname": "go",
      "rev": "9e83b64f727c88a7711a2c463a7b16eedb69a84c",
      "rev_count": 816272,
      "rev_date": "2025-06-17T04:31:58Z",
      "scrape_date": "2025-06-18T01:32:29.219901Z",
      "stabilities": [
        "unstable"
      ],
      "unfree": false,
      "version": "1.24.3",
      "outputs_to_install": [
        "out"
      ],
      "outputs": {
        "out": "/nix/store/5xvi25nqmbrg58aixp4zgczilfnp7pwg-go-1.24.3"
      },
      "system": "x86_64-linux",
      "group": "toplevel",
      "priority": 5
    }
  ]
}