{
  "lockfile-version": 1,
  "manifest": {
    "version": 1,
    "install": {
      "gnumake": {
        "pkg-path": "gnumake"
      },
      "go": {
        "pkg-path": "go"
      },
      "iana-etc": {
        "pkg-path": "iana-etc"
      },
      "mailcap": {
        "pkg-path": "mailcap"
      },
      "tzdata": {
        "pkg-path": "tzdata"
      }
    },
    "options": {
      "systems": [
        "aarch64-darwin",
        "aarch64-linux",
        "x86_64-darwin",
        "x86_64-linux"
      ]
    },
    "build": {
      "noxdir": {
        "command": "  export GOMODCACHE=${noxdir-deps}\n  mkdir -p $out/bin \n  go build -trimpath -o $out/bin/noxdir .\n  chmod +x $out/bin/noxdir\n",
        "runtime-packages": [
          "iana-etc",
          "mailcap",
          "tzdata"
        ],
        "sandbox": "pure",
        "version": "v0.1.3-10-t",
        "description": "noxdir is a storage visualization tool for the CLI on Mac or Linux"
      },
      "noxdir-deps": {
        "command": "  export GOMODCACHE=$out\n  go mod download -modcacherw\n"
      }
    }
  },
  "packages": [
    {
      "attr_path": "gnumake",
      "broken": false,
      "derivation": "/nix/store/60nhk5npja6szd4xm89zfmhf645bvyi4-gnumake-4.4.1.drv",
      "description": "Tool to control the generation of non-source files from sources",
      "install_id": "gnumake",
      "license": "GPL-3.0-or-later",
      "locked_url": "https://github.com/flox/nixpkgs?rev=30e2e2857ba47844aa71991daa6ed1fc678bcbb7",
      "name": "gnumake-4.4.1",
      "pname": "gnumake",
      "rev": "30e2e2857ba47844aa71991daa6ed1fc678bcbb7",
      "rev_count": 822156,
      "rev_date": "2025-06-27T08:03:01Z",
      "scrape_date": "2025-06-29T04:56:14.557852Z",
      "stabilities": [
        "unstable"
      ],
      "unfree": false,
      "version": "4.4.1",
      "outputs_to_install": [
        "man",
        "out"
      ],
      "outputs": {
        "info": "/nix/store/39c179hnw4w0y9pikjxm9zvrsq9wxs6q-gnumake-4.4.1-info",
        "man": "/nix/store/dk7vh49s82kl68y3pv4b5glmz31xh255-gnumake-4.4.1-man",
        "out": "/nix/store/r7m07s173xa5nlii49999m0666i4sh27-gnumake-4.4.1"
      },
      "system": "aarch64-darwin",
      "group": "toplevel",
      "priority": 5
    },
    {
      "attr_path": "gnumake",
      "broken": false,
      "derivation": "/nix/store/k2iilkq7739pfi8zl1xg0v0ylb01whd4-gnumake-4.4.1.drv",
      "description": "Tool to control the generation of non-source files from sources",
      "install_id": "gnumake",
      "license": "GPL-3.0-or-later",
      "locked_url": "https://github.com/flox/nixpkgs?rev=30e2e2857ba47844aa71991daa6ed1fc678bcbb7",
      "name": "gnumake-4.4.1",
      "pname": "gnumake",
      "rev": "30e2e2857ba47844aa71991daa6ed1fc678bcbb7",
      "rev_count": 822156,
      "rev_date": "2025-06-27T08:03:01Z",
      "scrape_date": "2025-06-29T05:19:55.038141Z",
      "stabilities": [
        "unstable"
      ],
      "unfree": false,
      "version": "4.4.1",
      "outputs_to_install": [
        "man",
        "out"
      ],
      "outputs": {
        "debug": "/nix/store/5n3plbn2w3my72ji83f3ffg1rykcj09m-gnumake-4.4.1-debug",
        "info": "/nix/store/yahicgkv1xprlqv6nlgzdyfivqmghpbi-gnumake-4.4.1-info",
        "man": "/nix/store/8p351d8fiirsppiz0mmjanp4k40k8fb5-gnumake-4.4.1-man",
        "out": "/nix/store/1yr3fp9z2a6bnfxyrg9r9a50cn0fgs1c-gnumake-4.4.1"
      },
      "system": "aarch64-linux",
      "group": "toplevel",
      "priority": 5
    },
    {
      "attr_path": "gnumake",
      "broken": false,
      "derivation": "/nix/store/2zbz7220kfc9q6fqag14habfqnzf8hay-gnumake-4.4.1.drv",
      "description": "Tool to control the generation of non-source files from sources",
      "install_id": "gnumake",
      "license": "GPL-3.0-or-later",
      "locked_url": "https://github.com/flox/nixpkgs?rev=30e2e2857ba47844aa71991daa6ed1fc678bcbb7",
      "name": "gnumake-4.4.1",
      "pname": "gnumake",
      "rev": "30e2e2857ba47844aa71991daa6ed1fc678bcbb7",
      "rev_count": 822156,
      "rev_date": "2025-06-27T08:03:01Z",
      "scrape_date": "2025-06-29T05:38:13.178657Z",
      "stabilities": [
        "unstable"
      ],
      "unfree": false,
      "version": "4.4.1",
      "outputs_to_install": [
        "man",
        "out"
      ],
      "outputs": {
        "info": "/nix/store/27x32j1ild76cv8aw3v89x0vzkz57g9b-gnumake-4.4.1-info",
        "man": "/nix/store/fhf8z0n0qdrzim6jckj0kib749skibp7-gnumake-4.4.1-man",
        "out": "/nix/store/m9l6dyxvkzlawlsb56gmj40ahlvhyg02-gnumake-4.4.1"
      },
      "system": "x86_64-darwin",
      "group": "toplevel",
      "priority": 5
    },
    {
      "attr_path": "gnumake",
      "broken": false,
      "derivation": "/nix/store/4ag52d8v19ncbqgpj6h2zw0fqy6lfa4d-gnumake-4.4.1.drv",
      "description": "Tool to control the generation of non-source files from sources",
      "install_id": "gnumake",
      "license": "GPL-3.0-or-later",
      "locked_url": "https://github.com/flox/nixpkgs?rev=30e2e2857ba47844aa71991daa6ed1fc678bcbb7",
      "name": "gnumake-4.4.1",
      "pname": "gnumake",
      "rev": "30e2e2857ba47844aa71991daa6ed1fc678bcbb7",
      "rev_count": 822156,
      "rev_date": "2025-06-27T08:03:01Z",
      "scrape_date": "2025-06-29T06:00:03.365351Z",
      "stabilities": [
        "unstable"
      ],
      "unfree": false,
      "version": "4.4.1",
      "outputs_to_install": [
        "man",
        "out"
      ],
      "outputs": {
        "debug": "/nix/store/6z5kdrm4iz98knwcf6bzkrrdnfc0y521-gnumake-4.4.1-debug",
        "info": "/nix/store/qjwiip462nkv8dand7zql6np4plzk8rq-gnumake-4.4.1-info",
        "man": "/nix/store/ylv36wr8356r4ff02nlw1h70cigx582h-gnumake-4.4.1-man",
        "out": "/nix/store/20ljlr4fvln0pd2xcrhy6bm27bk1dnc7-gnumake-4.4.1"
      },
      "system": "x86_64-linux",
      "group": "toplevel",
      "priority": 5
    },
    {
      "attr_path": "go",
      "broken": false,
      "derivation": "/nix/store/7i15lyhdhcpr16yqxlxm2ipjdn560w5x-go-1.24.4.drv",
      "description": "Go Programming language",
      "install_id": "go",
      "license": "BSD-3-Clause",
      "locked_url": "https://github.com/flox/nixpkgs?rev=30e2e2857ba47844aa71991daa6ed1fc678bcbb7",
      "name": "go-1.24.4",
      "pname": "go",
      "rev": "30e2e2857ba47844aa71991daa6ed1fc678bcbb7",
      "rev_count": 822156,
      "rev_date": "2025-06-27T08:03:01Z",
      "scrape_date": "2025-06-29T04:56:14.564470Z",
      "stabilities": [
        "unstable"
      ],
      "unfree": false,
      "version": "1.24.4",
      "outputs_to_install": [
        "out"
      ],
      "outputs": {
        "out": "/nix/store/rq7irijkj3nhapmjcv9d96xgkisj55x2-go-1.24.4"
      },
      "system": "aarch64-darwin",
      "group": "toplevel",
      "priority": 5
    },
    {
      "attr_path": "go",
      "broken": false,
      "derivation": "/nix/store/qhrgsw4303gv415fl0q48qki3xjrysn2-go-1.24.4.drv",
      "description": "Go Programming language",
      "install_id": "go",
      "license": "BSD-3-Clause",
      "locked_url": "https://github.com/flox/nixpkgs?rev=30e2e2857ba47844aa71991daa6ed1fc678bcbb7",
      "name": "go-1.24.4",
      "pname": "go",
      "rev": "30e2e2857ba47844aa71991daa6ed1fc678bcbb7",
      "rev_count": 822156,
      "rev_date": "2025-06-27T08:03:01Z",
      "scrape_date": "2025-06-29T05:19:55.048877Z",
      "stabilities": [
        "unstable"
      ],
      "unfree": false,
      "version": "1.24.4",
      "outputs_to_install": [
        "out"
      ],
      "outputs": {
        "out": "/nix/store/9f64p4ip4iz2nba4wyhn1baq6b6pb6ss-go-1.24.4"
      },
      "system": "aarch64-linux",
      "group": "toplevel",
      "priority": 5
    },
    {
      "attr_path": "go",
      "broken": false,
      "derivation": "/nix/store/c3247n9gz359k8w7m0x690ip4d1h0xj2-go-1.24.4.drv",
      "description": "Go Programming language",
      "install_id": "go",
      "license": "BSD-3-Clause",
      "locked_url": "https://github.com/flox/nixpkgs?rev=30e2e2857ba47844aa71991daa6ed1fc678bcbb7",
      "name": "go-1.24.4",
      "pname": "go",
      "rev": "30e2e2857ba47844aa71991daa6ed1fc678bcbb7",
      "rev_count": 822156,
      "rev_date": "2025-06-27T08:03:01Z",
      "scrape_date": "2025-06-29T05:38:13.185236Z",
      "stabilities": [
        "unstable"
      ],
      "unfree": false,
      "version": "1.24.4",
      "outputs_to_install": [
        "out"
      ],
      "outputs": {
        "out": "/nix/store/n0gqcdpdk0ap2ikasi36r0szwpk2g35q-go-1.24.4"
      },
      "system": "x86_64-darwin",
      "group": "toplevel",
      "priority": 5
    },
    {
      "attr_path": "go",
      "broken": false,
      "derivation": "/nix/store/55apw0ij2wcvrvmkvdgi6ixx7nqqw0hh-go-1.24.4.drv",
      "description": "Go Programming language",
      "install_id": "go",
      "license": "BSD-3-Clause",
      "locked_url": "https://github.com/flox/nixpkgs?rev=30e2e2857ba47844aa71991daa6ed1fc678bcbb7",
      "name": "go-1.24.4",
      "pname": "go",
      "rev": "30e2e2857ba47844aa71991daa6ed1fc678bcbb7",
      "rev_count": 822156,
      "rev_date": "2025-06-27T08:03:01Z",
      "scrape_date": "2025-06-29T06:00:03.376794Z",
      "stabilities": [
        "unstable"
      ],
      "unfree": false,
      "version": "1.24.4",
      "outputs_to_install": [
        "out"
      ],
      "outputs": {
        "out": "/nix/store/mdn9hnvf0qmxywbrpbywmxww2adxdn5v-go-1.24.4"
      },
      "system": "x86_64-linux",
      "group": "toplevel",
      "priority": 5
    },
    {
      "attr_path": "iana-etc",
      "broken": false,
      "derivation": "/nix/store/n58756q2m3xls6zkm4b4ysi06r1yg80n-iana-etc-20250505.drv",
      "description": "IANA protocol and port number assignments (/etc/protocols and /etc/services)",
      "install_id": "iana-etc",
      "license": "MIT",
      "locked_url": "https://github.com/flox/nixpkgs?rev=30e2e2857ba47844aa71991daa6ed1fc678bcbb7",
      "name": "iana-etc-20250505",
      "pname": "iana-etc",
      "rev": "30e2e2857ba47844aa71991daa6ed1fc678bcbb7",
      "rev_count": 822156,
      "rev_date": "2025-06-27T08:03:01Z",
      "scrape_date": "2025-06-29T04:56:14.883800Z",
      "stabilities": [
        "unstable"
      ],
      "unfree": false,
      "version": "20250505",
      "outputs_to_install": [
        "out"
      ],
      "outputs": {
        "out": "/nix/store/1y53vn9y7a7myawjbzaflch8ncr4hcwv-iana-etc-20250505"
      },
      "system": "aarch64-darwin",
      "group": "toplevel",
      "priority": 5
    },
    {
      "attr_path": "iana-etc",
      "broken": false,
      "derivation": "/nix/store/bx03rl348zw1nx82qqijzarviq93521g-iana-etc-20250505.drv",
      "description": "IANA protocol and port number assignments (/etc/protocols and /etc/services)",
      "install_id": "iana-etc",
      "license": "MIT",
      "locked_url": "https://github.com/flox/nixpkgs?rev=30e2e2857ba47844aa71991daa6ed1fc678bcbb7",
      "name": "iana-etc-20250505",
      "pname": "iana-etc",
      "rev": "30e2e2857ba47844aa71991daa6ed1fc678bcbb7",
      "rev_count": 822156,
      "rev_date": "2025-06-27T08:03:01Z",
      "scrape_date": "2025-06-29T05:19:56.007561Z",
      "stabilities": [
        "unstable"
      ],
      "unfree": false,
      "version": "20250505",
      "outputs_to_install": [
        "out"
      ],
      "outputs": {
        "out": "/nix/store/iz0pbpnihfnipzbcdfjb9w8lpnhi7dqf-iana-etc-20250505"
      },
      "system": "aarch64-linux",
      "group": "toplevel",
      "priority": 5
    },
    {
      "attr_path": "iana-etc",
      "broken": false,
      "derivation": "/nix/store/dqns6xlsr9i0a6yf8hy9ig1488sz0yzi-iana-etc-20250505.drv",
      "description": "IANA protocol and port number assignments (/etc/protocols and /etc/services)",
      "install_id": "iana-etc",
      "license": "MIT",
      "locked_url": "https://github.com/flox/nixpkgs?rev=30e2e2857ba47844aa71991daa6ed1fc678bcbb7",
      "name": "iana-etc-20250505",
      "pname": "iana-etc",
      "rev": "30e2e2857ba47844aa71991daa6ed1fc678bcbb7",
      "rev_count": 822156,
      "rev_date": "2025-06-27T08:03:01Z",
      "scrape_date": "2025-06-29T05:38:13.503849Z",
      "stabilities": [
        "unstable"
      ],
      "unfree": false,
      "version": "20250505",
      "outputs_to_install": [
        "out"
      ],
      "outputs": {
        "out": "/nix/store/7h8cpppikf587hncvjbkvcykhhh17nj6-iana-etc-20250505"
      },
      "system": "x86_64-darwin",
      "group": "toplevel",
      "priority": 5
    },
    {
      "attr_path": "iana-etc",
      "broken": false,
      "derivation": "/nix/store/my24wbr4ggfy90zvvpch98fjnnrf36ix-iana-etc-20250505.drv",
      "description": "IANA protocol and port number assignments (/etc/protocols and /etc/services)",
      "install_id": "iana-etc",
      "license": "MIT",
      "locked_url": "https://github.com/flox/nixpkgs?rev=30e2e2857ba47844aa71991daa6ed1fc678bcbb7",
      "name": "iana-etc-20250505",
      "pname": "iana-etc",
      "rev": "30e2e2857ba47844aa71991daa6ed1fc678bcbb7",
      "rev_count": 822156,
      "rev_date": "2025-06-27T08:03:01Z",
      "scrape_date": "2025-06-29T06:00:04.417097Z",
      "stabilities": [
        "unstable"
      ],
      "unfree": false,
      "version": "20250505",
      "outputs_to_install": [
        "out"
      ],
      "outputs": {
        "out": "/nix/store/9ligk74v7nqwq5lg3pnw88jl3zcmpdpr-iana-etc-20250505"
      },
      "system": "x86_64-linux",
      "group": "toplevel",
      "priority": 5
    },
    {
      "attr_path": "mailcap",
      "broken": false,
      "derivation": "/nix/store/761yy5np2vkpgnwp56svq79hbn4h7yqq-mailcap-2.1.54.drv",
      "description": "Helper application and MIME type associations for file types",
      "install_id": "mailcap",
      "license": "MIT",
      "locked_url": "https://github.com/flox/nixpkgs?rev=30e2e2857ba47844aa71991daa6ed1fc678bcbb7",
      "name": "mailcap-2.1.54",
      "pname": "mailcap",
      "rev": "30e2e2857ba47844aa71991daa6ed1fc678bcbb7",
      "rev_count": 822156,
      "rev_date": "2025-06-27T08:03:01Z",
      "scrape_date": "2025-06-29T04:56:16.392406Z",
      "stabilities": [
        "unstable"
      ],
      "unfree": false,
      "version": "2.1.54",
      "outputs_to_install": [
        "out"
      ],
      "outputs": {
        "out": "/nix/store/r16grzx8ninj1vc9fh161dzvsvy1z9ya-mailcap-2.1.54"
      },
      "system": "aarch64-darwin",
      "group": "toplevel",
      "priority": 5
    },
    {
      "attr_path": "mailcap",
      "broken": false,
      "derivation": "/nix/store/g6ml0rzvk2q6lwh0ri4l07dd1xp396r2-mailcap-2.1.54.drv",
      "description": "Helper application and MIME type associations for file types",
      "install_id": "mailcap",
      "license": "MIT",
      "locked_url": "https://github.com/flox/nixpkgs?rev=30e2e2857ba47844aa71991daa6ed1fc678bcbb7",
      "name": "mailcap-2.1.54",
      "pname": "mailcap",
      "rev": "30e2e2857ba47844aa71991daa6ed1fc678bcbb7",
      "rev_count": 822156,
      "rev_date": "2025-06-27T08:03:01Z",
      "scrape_date": "2025-06-29T05:20:02.576058Z",
      "stabilities": [
        "unstable"
      ],
      "unfree": false,
      "version": "2.1.54",
      "outputs_to_install": [
        "out"
      ],
      "outputs": {
        "out": "/nix/store/hxz3qn78y3rhdrpxsr7lrlqj3swl0h5s-mailcap-2.1.54"
      },
      "system": "aarch64-linux",
      "group": "toplevel",
      "priority": 5
    },
    {
      "attr_path": "mailcap",
      "broken": false,
      "derivation": "/nix/store/q7pdawjs17hsxb5d79qrjxfb5dn9plyd-mailcap-2.1.54.drv",
      "description": "Helper application and MIME type associations for file types",
      "install_id": "mailcap",
      "license": "MIT",
      "locked_url": "https://github.com/flox/nixpkgs?rev=30e2e2857ba47844aa71991daa6ed1fc678bcbb7",
      "name": "mailcap-2.1.54",
      "pname": "mailcap",
      "rev": "30e2e2857ba47844aa71991daa6ed1fc678bcbb7",
      "rev_count": 822156,
      "rev_date": "2025-06-27T08:03:01Z",
      "scrape_date": "2025-06-29T05:38:14.989404Z",
      "stabilities": [
        "unstable"
      ],
      "unfree": false,
      "version": "2.1.54",
      "outputs_to_install": [
        "out"
      ],
      "outputs": {
        "out": "/nix/store/353zm0rc04sz6gi111zc8zsyvvw3hdi0-mailcap-2.1.54"
      },
      "system": "x86_64-darwin",
      "group": "toplevel",
      "priority": 5
    },
    {
      "attr_path": "mailcap",
      "broken": false,
      "derivation": "/nix/store/i5d4il00adbpfnpk2qy49bpns3gjgcdv-mailcap-2.1.54.drv",
      "description": "Helper application and MIME type associations for file types",
      "install_id": "mailcap",
      "license": "MIT",
      "locked_url": "https://github.com/flox/nixpkgs?rev=30e2e2857ba47844aa71991daa6ed1fc678bcbb7",
      "name": "mailcap-2.1.54",
      "pname": "mailcap",
      "rev": "30e2e2857ba47844aa71991daa6ed1fc678bcbb7",
      "rev_count": 822156,
      "rev_date": "2025-06-27T08:03:01Z",
      "scrape_date": "2025-06-29T06:00:12.572451Z",
      "stabilities": [
        "unstable"
      ],
      "unfree": false,
      "version": "2.1.54",
      "outputs_to_install": [
        "out"
      ],
      "outputs": {
        "out": "/nix/store/4xr56x3h8i56sxxz0wm4w69qpdq0yarx-mailcap-2.1.54"
      },
      "system": "x86_64-linux",
      "group": "toplevel",
      "priority": 5
    },
    {
      "attr_path": "tzdata",
      "broken": false,
      "derivation": "/nix/store/cv0dfazz50rv7c701wy3x4ykc1bvhm8p-tzdata-2025b.drv",
      "description": "Database of current and historical time zones",
      "install_id": "tzdata",
      "license": "[ BSD-3-Clause, Public Domain ]",
      "locked_url": "https://github.com/flox/nixpkgs?rev=30e2e2857ba47844aa71991daa6ed1fc678bcbb7",
      "name": "tzdata-2025b",
      "pname": "tzdata",
      "rev": "30e2e2857ba47844aa71991daa6ed1fc678bcbb7",
      "rev_count": 822156,
      "rev_date": "2025-06-27T08:03:01Z",
      "scrape_date": "2025-06-29T04:57:13.628963Z",
      "stabilities": [
        "unstable"
      ],
      "unfree": false,
      "version": "2025b",
      "outputs_to_install": [
        "bin",
        "man"
      ],
      "outputs": {
        "bin": "/nix/store/b0y2vb6izyjjaf94bi9fz4hy5qc45p9g-tzdata-2025b-bin",
        "dev": "/nix/store/rx5sy18c0c3cgg194g5zhs77k15n56y2-tzdata-2025b-dev",
        "man": "/nix/store/8hzianlmr44gg3gvmshgxs06a5la65n6-tzdata-2025b-man",
        "out": "/nix/store/gsbyj7v3rzg441j8wrqgilijg9sz0g90-tzdata-2025b"
      },
      "system": "aarch64-darwin",
      "group": "toplevel",
      "priority": 5
    },
    {
      "attr_path": "tzdata",
      "broken": false,
      "derivation": "/nix/store/295xms9crizibga697yjh5kp3nn5hn2l-tzdata-2025b.drv",
      "description": "Database of current and historical time zones",
      "install_id": "tzdata",
      "license": "[ BSD-3-Clause, Public Domain ]",
      "locked_url": "https://github.com/flox/nixpkgs?rev=30e2e2857ba47844aa71991daa6ed1fc678bcbb7",
      "name": "tzdata-2025b",
      "pname": "tzdata",
      "rev": "30e2e2857ba47844aa71991daa6ed1fc678bcbb7",
      "rev_count": 822156,
      "rev_date": "2025-06-27T08:03:01Z",
      "scrape_date": "2025-06-29T05:21:22.122887Z",
      "stabilities": [
        "unstable"
      ],
      "unfree": false,
      "version": "2025b",
      "outputs_to_install": [
        "bin",
        "man"
      ],
      "outputs": {
        "bin": "/nix/store/6gyjfc0j3v0vsnj21clg47ia1z330mr2-tzdata-2025b-bin",
        "dev": "/nix/store/89f5jh5zippmm1ldpk3bb591p9l1g3av-tzdata-2025b-dev",
        "man": "/nix/store/y71lbbh9zr6dn518cp0xs0iq1544w28x-tzdata-2025b-man",
        "out": "/nix/store/1jlcpjwng01qyni6p5z9ajza2r8z4v7n-tzdata-2025b"
      },
      "system": "aarch64-linux",
      "group": "toplevel",
      "priority": 5
    },
    {
      "attr_path": "tzdata",
      "broken": false,
      "derivation": "/nix/store/5nv9mrqfxy2m8h5vd4nqif3223d5y1xl-tzdata-2025b.drv",
      "description": "Database of current and historical time zones",
      "install_id": "tzdata",
      "license": "[ BSD-3-Clause, Public Domain ]",
      "locked_url": "https://github.com/flox/nixpkgs?rev=30e2e2857ba47844aa71991daa6ed1fc678bcbb7",
      "name": "tzdata-2025b",
      "pname": "tzdata",
      "rev": "30e2e2857ba47844aa71991daa6ed1fc678bcbb7",
      "rev_count": 822156,
      "rev_date": "2025-06-27T08:03:01Z",
      "scrape_date": "2025-06-29T05:39:10.056155Z",
      "stabilities": [
        "unstable"
      ],
      "unfree": false,
      "version": "2025b",
      "outputs_to_install": [
        "bin",
        "man"
      ],
      "outputs": {
        "bin": "/nix/store/4grdxsl1s0l0narycz88jg5r9x3ynw8r-tzdata-2025b-bin",
        "dev": "/nix/store/x9w4hrrv1apa2043sja3wwyvc357abg7-tzdata-2025b-dev",
        "man": "/nix/store/5nl1d807lr6sabw3widi1c3dw5bz302a-tzdata-2025b-man",
        "out": "/nix/store/pv86z5gfw14kdb10mak7xqni9kccj5fx-tzdata-2025b"
      },
      "system": "x86_64-darwin",
      "group": "toplevel",
      "priority": 5
    },
    {
      "attr_path": "tzdata",
      "broken": false,
      "derivation": "/nix/store/78hq52zh0s5sva53xwdgmm3f9vn07apl-tzdata-2025b.drv",
      "description": "Database of current and historical time zones",
      "install_id": "tzdata",
      "license": "[ BSD-3-Clause, Public Domain ]",
      "locked_url": "https://github.com/flox/nixpkgs?rev=30e2e2857ba47844aa71991daa6ed1fc678bcbb7",
      "name": "tzdata-2025b",
      "pname": "tzdata",
      "rev": "30e2e2857ba47844aa71991daa6ed1fc678bcbb7",
      "rev_count": 822156,
      "rev_date": "2025-06-27T08:03:01Z",
      "scrape_date": "2025-06-29T06:01:38.427787Z",
      "stabilities": [
        "unstable"
      ],
      "unfree": false,
      "version": "2025b",
      "outputs_to_install": [
        "bin",
        "man"
      ],
      "outputs": {
        "bin": "/nix/store/5bik4kwcihj9dwbj8hnikp64jiy1rx9m-tzdata-2025b-bin",
        "dev": "/nix/store/y9k8wyg36am0y0cig5nd3l86x89187n9-tzdata-2025b-dev",
        "man": "/nix/store/5m4lif49i1s71qjsbg6zsffh16i9nwgg-tzdata-2025b-man",
        "out": "/nix/store/lc765p3sqqj3f13cq6531v4k1jd45sl1-tzdata-2025b"
      },
      "system": "x86_64-linux",
      "group": "toplevel",
      "priority": 5
    }
  ]
}